// !$*UTF8*$!
{
	archiveVersion = 1;
	classes = {
	};
	objectVersion = 50;
	objects = {

/* Begin PBXBuildFile section */
		BB9CBFB425B47FC500CFC5D6 /* AppDelegate.swift in Sources */ = {isa = PBXBuildFile; fileRef = BB9CBFB325B47FC500CFC5D6 /* AppDelegate.swift */; };
		BB9CBFB625B47FC500CFC5D6 /* SceneDelegate.swift in Sources */ = {isa = PBXBuildFile; fileRef = BB9CBFB525B47FC500CFC5D6 /* SceneDelegate.swift */; };
		BB9CBFB825B47FC500CFC5D6 /* ViewController.swift in Sources */ = {isa = PBXBuildFile; fileRef = BB9CBFB725B47FC500CFC5D6 /* ViewController.swift */; };
		BB9CBFBB25B47FC500CFC5D6 /* Main.storyboard in Resources */ = {isa = PBXBuildFile; fileRef = BB9CBFB925B47FC500CFC5D6 /* Main.storyboard */; };
		BB9CBFBE25B47FC500CFC5D6 /* ExampleTableView.xcdatamodeld in Sources */ = {isa = PBXBuildFile; fileRef = BB9CBFBC25B47FC500CFC5D6 /* ExampleTableView.xcdatamodeld */; };
		BB9CBFC025B47FC800CFC5D6 /* Assets.xcassets in Resources */ = {isa = PBXBuildFile; fileRef = BB9CBFBF25B47FC800CFC5D6 /* Assets.xcassets */; };
		BB9CBFC325B47FC800CFC5D6 /* LaunchScreen.storyboard in Resources */ = {isa = PBXBuildFile; fileRef = BB9CBFC125B47FC800CFC5D6 /* LaunchScreen.storyboard */; };
/* End PBXBuildFile section */

/* Begin PBXFileReference section */
		BB9CBFB025B47FC500CFC5D6 /* ExampleTableView.app */ = {isa = PBXFileReference; explicitFileType = wrapper.application; includeInIndex = 0; path = ExampleTableView.app; sourceTree = BUILT_PRODUCTS_DIR; };
		BB9CBFB325B47FC500CFC5D6 /* AppDelegate.swift */ = {isa = PBXFileReference; lastKnownFileType = sourcecode.swift; path = AppDelegate.swift; sourceTree = "<group>"; };
		BB9CBFB525B47FC500CFC5D6 /* SceneDelegate.swift */ = {isa = PBXFileReference; lastKnownFileType = sourcecode.swift; path = SceneDelegate.swift; sourceTree = "<group>"; };
		BB9CBFB725B47FC500CFC5D6 /* ViewController.swift */ = {isa = PBXFileReference; lastKnownFileType = sourcecode.swift; path = ViewController.swift; sourceTree = "<group>"; };
		BB9CBFBA25B47FC500CFC5D6 /* Base */ = {isa = PBXFileReference; lastKnownFileType = file.storyboard; name = Base; path = Base.lproj/Main.storyboard; sourceTree = "<group>"; };
		BB9CBFBD25B47FC500CFC5D6 /* ExampleTableView.xcdatamodel */ = {isa = PBXFileReference; lastKnownFileType = wrapper.xcdatamodel; path = ExampleTableView.xcdatamodel; sourceTree = "<group>"; };
		BB9CBFBF25B47FC800CFC5D6 /* Assets.xcassets */ = {isa = PBXFileReference; lastKnownFileType = folder.assetcatalog; path = Assets.xcassets; sourceTree = "<group>"; };
		BB9CBFC225B47FC800CFC5D6 /* Base */ = {isa = PBXFileReference; lastKnownFileType = file.storyboard; name = Base; path = Base.lproj/LaunchScreen.storyboard; sourceTree = "<group>"; };
		BB9CBFC425B47FC800CFC5D6 /* Info.plist */ = {isa = PBXFileReference; lastKnownFileType = text.plist.xml; path = Info.plist; sourceTree = "<group>"; };
/* End PBXFileReference section */

/* Begin PBXFrameworksBuildPhase section */
		BB9CBFAD25B47FC500CFC5D6 /* Frameworks */ = {
			isa = PBXFrameworksBuildPhase;
			buildActionMask = 2147483647;
			files = (
			);
			runOnlyForDeploymentPostprocessing = 0;
		};
/* End PBXFrameworksBuildPhase section */

/* Begin PBXGroup section */
		BB9CBFA725B47FC400CFC5D6 = {
			isa = PBXGroup;
			children = (
				BB9CBFB225B47FC500CFC5D6 /* ExampleTableView */,
				BB9CBFB125B47FC500CFC5D6 /* Products */,
			);
			sourceTree = "<group>";
		};
		BB9CBFB125B47FC500CFC5D6 /* Products */ = {
			isa = PBXGroup;
			children = (
				BB9CBFB025B47FC500CFC5D6 /* ExampleTableView.app */,
			);
			name = Products;
			sourceTree = "<group>";
		};
		BB9CBFB225B47FC500CFC5D6 /* ExampleTableView */ = {
			isa = PBXGroup;
			children = (
				BB9CBFB325B47FC500CFC5D6 /* AppDelegate.swift */,
				BB9CBFB525B47FC500CFC5D6 /* SceneDelegate.swift */,
				BB9CBFB725B47FC500CFC5D6 /* ViewController.swift */,
				BB9CBFB925B47FC500CFC5D6 /* Main.storyboard */,
				BB9CBFBF25B47FC800CFC5D6 /* Assets.xcassets */,
				BB9CBFC125B47FC800CFC5D6 /* LaunchScreen.storyboard */,
				BB9CBFC425B47FC800CFC5D6 /* Info.plist */,
				BB9CBFBC25B47FC500CFC5D6 /* ExampleTableView.xcdatamodeld */,
			);
			path = ExampleTableView;
			sourceTree = "<group>";
		};
/* End PBXGroup section */

/* Begin PBXNativeTarget section */
		BB9CBFAF25B47FC500CFC5D6 /* ExampleTableView */ = {
			isa = PBXNativeTarget;
			buildConfigurationList = BB9CBFC725B47FC800CFC5D6 /* Build configuration list for PBXNativeTarget "ExampleTableView" */;
			buildPhases = (
				BB9CBFAC25B47FC500CFC5D6 /* Sources */,
				BB9CBFAD25B47FC500CFC5D6 /* Frameworks */,
				BB9CBFAE25B47FC500CFC5D6 /* Resources */,
			);
			buildRules = (
			);
			dependencies = (
			);
			name = ExampleTableView;
			productName = ExampleTableView;
			productReference = BB9CBFB025B47FC500CFC5D6 /* ExampleTableView.app */;
			productType = "com.apple.product-type.application";
		};
/* End PBXNativeTarget section */

/* Begin PBXProject section */
		BB9CBFA825B47FC400CFC5D6 /* Project object */ = {
			isa = PBXProject;
			attributes = {
				LastSwiftUpdateCheck = 1230;
				LastUpgradeCheck = 1230;
				TargetAttributes = {
					BB9CBFAF25B47FC500CFC5D6 = {
						CreatedOnToolsVersion = 12.3;
					};
				};
			};
			buildConfigurationList = BB9CBFAB25B47FC400CFC5D6 /* Build configuration list for PBXProject "ExampleTableView" */;
			compatibilityVersion = "Xcode 9.3";
			developmentRegion = en;
			hasScannedForEncodings = 0;
			knownRegions = (
				en,
				Base,
			);
			mainGroup = BB9CBFA725B47FC400CFC5D6;
			productRefGroup = BB9CBFB125B47FC500CFC5D6 /* Products */;
			projectDirPath = "";
			projectRoot = "";
			targets = (
				BB9CBFAF25B47FC500CFC5D6 /* ExampleTableView */,
			);
		};
/* End PBXProject section */

/* Begin PBXResourcesBuildPhase section */
		BB9CBFAE25B47FC500CFC5D6 /* Resources */ = {
			isa = PBXResourcesBuildPhase;
			buildActionMask = 2147483647;
			files = (
				BB9CBFC325B47FC800CFC5D6 /* LaunchScreen.storyboard in Resources */,
				BB9CBFC025B47FC800CFC5D6 /* Assets.xcassets in Resources */,
				BB9CBFBB25B47FC500CFC5D6 /* Main.storyboard in Resources */,
			);
			runOnlyForDeploymentPostprocessing = 0;
		};
/* End PBXResourcesBuildPhase section */

/* Begin PBXSourcesBuildPhase section */
		BB9CBFAC25B47FC500CFC5D6 /* Sources */ = {
			isa = PBXSourcesBuildPhase;
			buildActionMask = 2147483647;
			files = (
				BB9CBFBE25B47FC500CFC5D6 /* ExampleTableView.xcdatamodeld in Sources */,
				BB9CBFB825B47FC500CFC5D6 /* ViewController.swift in Sources */,
				BB9CBFB425B47FC500CFC5D6 /* AppDelegate.swift in Sources */,
				BB9CBFB625B47FC500CFC5D6 /* SceneDelegate.swift in Sources */,
			);
			runOnlyForDeploymentPostprocessing = 0;
		};
/* End PBXSourcesBuildPhase section */

/* Begin PBXVariantGroup section */
		BB9CBFB925B47FC500CFC5D6 /* Main.storyboard */ = {
			isa = PBXVariantGroup;
			children = (
				BB9CBFBA25B47FC500CFC5D6 /* Base */,
			);
			name = Main.storyboard;
			sourceTree = "<group>";
		};
		BB9CBFC125B47FC800CFC5D6 /* LaunchScreen.storyboard */ = {
			isa = PBXVariantGroup;
			children = (
				BB9CBFC225B47FC800CFC5D6 /* Base */,
			);
			name = LaunchScreen.storyboard;
			sourceTree = "<group>";
		};
/* End PBXVariantGroup section */

/* Begin XCBuildConfiguration section */
		BB9CBFC525B47FC800CFC5D6 /* Debug */ = {
			isa = XCBuildConfiguration;
			buildSettings = {
				ALWAYS_SEARCH_USER_PATHS = NO;
				CLANG_ANALYZER_NONNULL = YES;
				CLANG_ANALYZER_NUMBER_OBJECT_CONVERSION = YES_AGGRESSIVE;
				CLANG_CXX_LANGUAGE_STANDARD = "gnu++14";
				CLANG_CXX_LIBRARY = "libc++";
				CLANG_ENABLE_MODULES = YES;
				CLANG_ENABLE_OBJC_ARC = YES;
				CLANG_ENABLE_OBJC_WEAK = YES;
				CLANG_WARN_BLOCK_CAPTURE_AUTORELEASING = YES;
				CLANG_WARN_BOOL_CONVERSION = YES;
				CLANG_WARN_COMMA = YES;
				CLANG_WARN_CONSTANT_CONVERSION = YES;
				CLANG_WARN_DEPRECATED_OBJC_IMPLEMENTATIONS = YES;
				CLANG_WARN_DIRECT_OBJC_ISA_USAGE = YES_ERROR;
				CLANG_WARN_DOCUMENTATION_COMMENTS = YES;
				CLANG_WARN_EMPTY_BODY = YES;
				CLANG_WARN_ENUM_CONVERSION = YES;
				CLANG_WARN_INFINITE_RECURSION = YES;
				CLANG_WARN_INT_CONVERSION = YES;
				CLANG_WARN_NON_LITERAL_NULL_CONVERSION = YES;
				CLANG_WARN_OBJC_IMPLICIT_RETAIN_SELF = YES;
				CLANG_WARN_OBJC_LITERAL_CONVERSION = YES;
				CLANG_WARN_OBJC_ROOT_CLASS = YES_ERROR;
				CLANG_WARN_QUOTED_INCLUDE_IN_FRAMEWORK_HEADER = YES;
				CLANG_WARN_RANGE_LOOP_ANALYSIS = YES;
				CLANG_WARN_STRICT_PROTOTYPES = YES;
				CLANG_WARN_SUSPICIOUS_MOVE = YES;
				CLANG_WARN_UNGUARDED_AVAILABILITY = YES_AGGRESSIVE;
				CLANG_WARN_UNREACHABLE_CODE = YES;
				CLANG_WARN__DUPLICATE_METHOD_MATCH = YES;
				COPY_PHASE_STRIP = NO;
				DEBUG_INFORMATION_FORMAT = dwarf;
				ENABLE_STRICT_OBJC_MSGSEND = YES;
				ENABLE_TESTABILITY = YES;
				GCC_C_LANGUAGE_STANDARD = gnu11;
				GCC_DYNAMIC_NO_PIC = NO;
				GCC_NO_COMMON_BLOCKS = YES;
				GCC_OPTIMIZATION_LEVEL = 0;
				GCC_PREPROCESSOR_DEFINITIONS = (
					"DEBUG=1",
					"$(inherited)",
				);
				GCC_WARN_64_TO_32_BIT_CONVERSION = YES;
				GCC_WARN_ABOUT_RETURN_TYPE = YES_ERROR;
				GCC_WARN_UNDECLARED_SELECTOR = YES;
				GCC_WARN_UNINITIALIZED_AUTOS = YES_AGGRESSIVE;
				GCC_WARN_UNUSED_FUNCTION = YES;
				GCC_WARN_UNUSED_VARIABLE = YES;
				IPHONEOS_DEPLOYMENT_TARGET = 14.3;
				MTL_ENABLE_DEBUG_INFO = INCLUDE_SOURCE;
				MTL_FAST_MATH = YES;
				ONLY_ACTIVE_ARCH = YES;
				SDKROOT = iphoneos;
				SWIFT_ACTIVE_COMPILATION_CONDITIONS = DEBUG;
				SWIFT_OPTIMIZATION_LEVEL = "-Onone";
			};
			name = Debug;
		};
		BB9CBFC625B47FC800CFC5D6 /* Release */ = {
			isa = XCBuildConfiguration;
			buildSettings = {
				ALWAYS_SEARCH_USER_PATHS = NO;
				CLANG_ANALYZER_NONNULL = YES;
				CLANG_ANALYZER_NUMBER_OBJECT_CONVERSION = YES_AGGRESSIVE;
				CLANG_CXX_LANGUAGE_STANDARD = "gnu++14";
				CLANG_CXX_LIBRARY = "libc++";
				CLANG_ENABLE_MODULES = YES;
				CLANG_ENABLE_OBJC_ARC = YES;
				CLANG_ENABLE_OBJC_WEAK = YES;
				CLANG_WARN_BLOCK_CAPTURE_AUTORELEASING = YES;
				CLANG_WARN_BOOL_CONVERSION = YES;
				CLANG_WARN_COMMA = YES;
				CLANG_WARN_CONSTANT_CONVERSION = YES;
				CLANG_WARN_DEPRECATED_OBJC_IMPLEMENTATIONS = YES;
				CLANG_WARN_DIRECT_OBJC_ISA_USAGE = YES_ERROR;
				CLANG_WARN_DOCUMENTATION_COMMENTS = YES;
				CLANG_WARN_EMPTY_BODY = YES;
				CLANG_WARN_ENUM_CONVERSION = YES;
				CLANG_WARN_INFINITE_RECURSION = YES;
				CLANG_WARN_INT_CONVERSION = YES;
				CLANG_WARN_NON_LITERAL_NULL_CONVERSION = YES;
				CLANG_WARN_OBJC_IMPLICIT_RETAIN_SELF = YES;
				CLANG_WARN_OBJC_LITERAL_CONVERSION = YES;
				CLANG_WARN_OBJC_ROOT_CLASS = YES_ERROR;
				CLANG_WARN_QUOTED_INCLUDE_IN_FRAMEWORK_HEADER = YES;
				CLANG_WARN_RANGE_LOOP_ANALYSIS = YES;
				CLANG_WARN_STRICT_PROTOTYPES = YES;
				CLANG_WARN_SUSPICIOUS_MOVE = YES;
				CLANG_WARN_UNGUARDED_AVAILABILITY = YES_AGGRESSIVE;
				CLANG_WARN_UNREACHABLE_CODE = YES;
				CLANG_WARN__DUPLICATE_METHOD_MATCH = YES;
				COPY_PHASE_STRIP = NO;
				DEBUG_INFORMATION_FORMAT = "dwarf-with-dsym";
				ENABLE_NS_ASSERTIONS = NO;
				ENABLE_STRICT_OBJC_MSGSEND = YES;
				GCC_C_LANGUAGE_STANDARD = gnu11;
				GCC_NO_COMMON_BLOCKS = YES;
				GCC_WARN_64_TO_32_BIT_CONVERSION = YES;
				GCC_WARN_ABOUT_RETURN_TYPE = YES_ERROR;
				GCC_WARN_UNDECLARED_SELECTOR = YES;
				GCC_WARN_UNINITIALIZED_AUTOS = YES_AGGRESSIVE;
				GCC_WARN_UNUSED_FUNCTION = YES;
				GCC_WARN_UNUSED_VARIABLE = YES;
				IPHONEOS_DEPLOYMENT_TARGET = 14.3;
				MTL_ENABLE_DEBUG_INFO = NO;
				MTL_FAST_MATH = YES;
				SDKROOT = iphoneos;
				SWIFT_COMPILATION_MODE = wholemodule;
				SWIFT_OPTIMIZATION_LEVEL = "-O";
				VALIDATE_PRODUCT = YES;
			};
			name = Release;
		};
		BB9CBFC825B47FC800CFC5D6 /* Debug */ = {
			isa = XCBuildConfiguration;
			buildSettings = {
				ASSETCATALOG_COMPILER_APPICON_NAME = AppIcon;
				ASSETCATALOG_COMPILER_GLOBAL_ACCENT_COLOR_NAME = AccentColor;
				CODE_SIGN_STYLE = Automatic;
				INFOPLIST_FILE = ExampleTableView/Info.plist;
				LD_RUNPATH_SEARCH_PATHS = (
					"$(inherited)",
					"@executable_path/Frameworks",
				);
				PRODUCT_BUNDLE_IDENTIFIER = apps4All.ExampleTableView;
				PRODUCT_NAME = "$(TARGET_NAME)";
				SWIFT_VERSION = 5.0;
				TARGETED_DEVICE_FAMILY = "1,2";
			};
			name = Debug;
		};
		BB9CBFC925B47FC800CFC5D6 /* Release */ = {
			isa = XCBuildConfiguration;
			buildSettings = {
				ASSETCATALOG_COMPILER_APPICON_NAME = AppIcon;
				ASSETCATALOG_COMPILER_GLOBAL_ACCENT_COLOR_NAME = AccentColor;
				CODE_SIGN_STYLE = Automatic;
				INFOPLIST_FILE = ExampleTableView/Info.plist;
				LD_RUNPATH_SEARCH_PATHS = (
					"$(inherited)",
					"@executable_path/Frameworks",
				);
				PRODUCT_BUNDLE_IDENTIFIER = apps4All.ExampleTableView;
				PRODUCT_NAME = "$(TARGET_NAME)";
				SWIFT_VERSION = 5.0;
				TARGETED_DEVICE_FAMILY = "1,2";
			};
			name = Release;
		};
/* End XCBuildConfiguration section */

/* Begin XCConfigurationList section */
		BB9CBFAB25B47FC400CFC5D6 /* Build configuration list for PBXProject "ExampleTableView" */ = {
			isa = XCConfigurationList;
			buildConfigurations = (
				BB9CBFC525B47FC800CFC5D6 /* Debug */,
				BB9CBFC625B47FC800CFC5D6 /* Release */,
			);
			defaultConfigurationIsVisible = 0;
			defaultConfigurationName = Release;
		};
		BB9CBFC725B47FC800CFC5D6 /* Build configuration list for PBXNativeTarget "ExampleTableView" */ = {
			isa = XCConfigurationList;
			buildConfigurations = (
				BB9CBFC825B47FC800CFC5D6 /* Debug */,
				BB9CBFC925B47FC800CFC5D6 /* Release */,
			);
			defaultConfigurationIsVisible = 0;
			defaultConfigurationName = Release;
		};
/* End XCConfigurationList section */

/* Begin XCVersionGroup section */
		BB9CBFBC25B47FC500CFC5D6 /* ExampleTableView.xcdatamodeld */ = {
			isa = XCVersionGroup;
			children = (
				BB9CBFBD25B47FC500CFC5D6 /* ExampleTableView.xcdatamodel */,
			);
			currentVersion = BB9CBFBD25B47FC500CFC5D6 /* ExampleTableView.xcdatamodel */;
			path = ExampleTableView.xcdatamodeld;
			sourceTree = "<group>";
			versionGroupType = wrapper.xcdatamodel;
		};
/* End XCVersionGroup section */
	};
	rootObject = BB9CBFA825B47FC400CFC5D6 /* Project object */;
}
